// !$*UTF8*$!
{
	archiveVersion = 1;
	classes = {
	};
	objectVersion = 50;
	objects = {

/* Begin PBXBuildFile section */
		C953C3832370A2F800184E23 /* AppDelegate.swift in Sources */ = {isa = PBXBuildFile; fileRef = C953C3822370A2F800184E23 /* AppDelegate.swift */; };
		C953C3852370A2F800184E23 /* SceneDelegate.swift in Sources */ = {isa = PBXBuildFile; fileRef = C953C3842370A2F800184E23 /* SceneDelegate.swift */; };
		C953C3872370A2F800184E23 /* ContentView.swift in Sources */ = {isa = PBXBuildFile; fileRef = C953C3862370A2F800184E23 /* ContentView.swift */; };
		C953C3892370A2F900184E23 /* Assets.xcassets in Resources */ = {isa = PBXBuildFile; fileRef = C953C3882370A2F900184E23 /* Assets.xcassets */; };
		C953C38C2370A2F900184E23 /* Preview Assets.xcassets in Resources */ = {isa = PBXBuildFile; fileRef = C953C38B2370A2F900184E23 /* Preview Assets.xcassets */; };
		C953C38F2370A2F900184E23 /* LaunchScreen.storyboard in Resources */ = {isa = PBXBuildFile; fileRef = C953C38D2370A2F900184E23 /* LaunchScreen.storyboard */; };
		C953C3982370A35F00184E23 /* LaunchScreenView.swift in Sources */ = {isa = PBXBuildFile; fileRef = C953C3972370A35F00184E23 /* LaunchScreenView.swift */; };
		C953C39A2370A42F00184E23 /* LoginView.swift in Sources */ = {isa = PBXBuildFile; fileRef = C953C3992370A42F00184E23 /* LoginView.swift */; };
		C953C39C2370A4EC00184E23 /* MainTabView.swift in Sources */ = {isa = PBXBuildFile; fileRef = C953C39B2370A4EC00184E23 /* MainTabView.swift */; };
		C953C39E2370A51700184E23 /* NewsfeedView.swift in Sources */ = {isa = PBXBuildFile; fileRef = C953C39D2370A51700184E23 /* NewsfeedView.swift */; };
		C953C3A02370A52500184E23 /* ProfileView.swift in Sources */ = {isa = PBXBuildFile; fileRef = C953C39F2370A52500184E23 /* ProfileView.swift */; };
/* End PBXBuildFile section */

/* Begin PBXFileReference section */
		C953C37F2370A2F800184E23 /* SwiftUISignInWithApple.app */ = {isa = PBXFileReference; explicitFileType = wrapper.application; includeInIndex = 0; path = SwiftUISignInWithApple.app; sourceTree = BUILT_PRODUCTS_DIR; };
		C953C3822370A2F800184E23 /* AppDelegate.swift */ = {isa = PBXFileReference; lastKnownFileType = sourcecode.swift; path = AppDelegate.swift; sourceTree = "<group>"; };
		C953C3842370A2F800184E23 /* SceneDelegate.swift */ = {isa = PBXFileReference; lastKnownFileType = sourcecode.swift; path = SceneDelegate.swift; sourceTree = "<group>"; };
		C953C3862370A2F800184E23 /* ContentView.swift */ = {isa = PBXFileReference; lastKnownFileType = sourcecode.swift; path = ContentView.swift; sourceTree = "<group>"; };
		C953C3882370A2F900184E23 /* Assets.xcassets */ = {isa = PBXFileReference; lastKnownFileType = folder.assetcatalog; path = Assets.xcassets; sourceTree = "<group>"; };
		C953C38B2370A2F900184E23 /* Preview Assets.xcassets */ = {isa = PBXFileReference; lastKnownFileType = folder.assetcatalog; path = "Preview Assets.xcassets"; sourceTree = "<group>"; };
		C953C38E2370A2F900184E23 /* Base */ = {isa = PBXFileReference; lastKnownFileType = file.storyboard; name = Base; path = Base.lproj/LaunchScreen.storyboard; sourceTree = "<group>"; };
		C953C3902370A2F900184E23 /* Info.plist */ = {isa = PBXFileReference; lastKnownFileType = text.plist.xml; path = Info.plist; sourceTree = "<group>"; };
		C953C3972370A35F00184E23 /* LaunchScreenView.swift */ = {isa = PBXFileReference; lastKnownFileType = sourcecode.swift; path = LaunchScreenView.swift; sourceTree = "<group>"; };
		C953C3992370A42F00184E23 /* LoginView.swift */ = {isa = PBXFileReference; lastKnownFileType = sourcecode.swift; path = LoginView.swift; sourceTree = "<group>"; };
		C953C39B2370A4EC00184E23 /* MainTabView.swift */ = {isa = PBXFileReference; lastKnownFileType = sourcecode.swift; path = MainTabView.swift; sourceTree = "<group>"; };
		C953C39D2370A51700184E23 /* NewsfeedView.swift */ = {isa = PBXFileReference; lastKnownFileType = sourcecode.swift; path = NewsfeedView.swift; sourceTree = "<group>"; };
		C953C39F2370A52500184E23 /* ProfileView.swift */ = {isa = PBXFileReference; lastKnownFileType = sourcecode.swift; path = ProfileView.swift; sourceTree = "<group>"; };
/* End PBXFileReference section */

/* Begin PBXFrameworksBuildPhase section */
		C953C37C2370A2F800184E23 /* Frameworks */ = {
			isa = PBXFrameworksBuildPhase;
			buildActionMask = 2147483647;
			files = (
			);
			runOnlyForDeploymentPostprocessing = 0;
		};
/* End PBXFrameworksBuildPhase section */

/* Begin PBXGroup section */
		C953C3762370A2F800184E23 = {
			isa = PBXGroup;
			children = (
				C953C3812370A2F800184E23 /* SwiftUISignInWithApple */,
				C953C3802370A2F800184E23 /* Products */,
			);
			sourceTree = "<group>";
		};
		C953C3802370A2F800184E23 /* Products */ = {
			isa = PBXGroup;
			children = (
				C953C37F2370A2F800184E23 /* SwiftUISignInWithApple.app */,
			);
			name = Products;
			sourceTree = "<group>";
		};
		C953C3812370A2F800184E23 /* SwiftUISignInWithApple */ = {
			isa = PBXGroup;
			children = (
				C953C3962370A34C00184E23 /* Views */,
				C953C3822370A2F800184E23 /* AppDelegate.swift */,
				C953C3842370A2F800184E23 /* SceneDelegate.swift */,
				C953C3862370A2F800184E23 /* ContentView.swift */,
				C953C3882370A2F900184E23 /* Assets.xcassets */,
				C953C38D2370A2F900184E23 /* LaunchScreen.storyboard */,
				C953C3902370A2F900184E23 /* Info.plist */,
				C953C38A2370A2F900184E23 /* Preview Content */,
			);
			path = SwiftUISignInWithApple;
			sourceTree = "<group>";
		};
		C953C38A2370A2F900184E23 /* Preview Content */ = {
			isa = PBXGroup;
			children = (
				C953C38B2370A2F900184E23 /* Preview Assets.xcassets */,
			);
			path = "Preview Content";
			sourceTree = "<group>";
		};
		C953C3962370A34C00184E23 /* Views */ = {
			isa = PBXGroup;
			children = (
				C953C3972370A35F00184E23 /* LaunchScreenView.swift */,
				C953C3992370A42F00184E23 /* LoginView.swift */,
				C953C39B2370A4EC00184E23 /* MainTabView.swift */,
				C953C39D2370A51700184E23 /* NewsfeedView.swift */,
				C953C39F2370A52500184E23 /* ProfileView.swift */,
			);
			path = Views;
			sourceTree = "<group>";
		};
/* End PBXGroup section */

/* Begin PBXNativeTarget section */
		C953C37E2370A2F800184E23 /* SwiftUISignInWithApple */ = {
			isa = PBXNativeTarget;
			buildConfigurationList = C953C3932370A2F900184E23 /* Build configuration list for PBXNativeTarget "SwiftUISignInWithApple" */;
			buildPhases = (
				C953C37B2370A2F800184E23 /* Sources */,
				C953C37C2370A2F800184E23 /* Frameworks */,
				C953C37D2370A2F800184E23 /* Resources */,
			);
			buildRules = (
			);
			dependencies = (
			);
			name = SwiftUISignInWithApple;
			productName = SwiftUISignInWithApple;
			productReference = C953C37F2370A2F800184E23 /* SwiftUISignInWithApple.app */;
			productType = "com.apple.product-type.application";
		};
/* End PBXNativeTarget section */

/* Begin PBXProject section */
		C953C3772370A2F800184E23 /* Project object */ = {
			isa = PBXProject;
			attributes = {
				LastSwiftUpdateCheck = 1120;
				LastUpgradeCheck = 1120;
				ORGANIZATIONNAME = "Alex Nagy";
				TargetAttributes = {
					C953C37E2370A2F800184E23 = {
						CreatedOnToolsVersion = 11.2;
					};
				};
			};
			buildConfigurationList = C953C37A2370A2F800184E23 /* Build configuration list for PBXProject "SwiftUISignInWithApple" */;
			compatibilityVersion = "Xcode 9.3";
			developmentRegion = en;
			hasScannedForEncodings = 0;
			knownRegions = (
				en,
				Base,
			);
			mainGroup = C953C3762370A2F800184E23;
			productRefGroup = C953C3802370A2F800184E23 /* Products */;
			projectDirPath = "";
			projectRoot = "";
			targets = (
				C953C37E2370A2F800184E23 /* SwiftUISignInWithApple */,
			);
		};
/* End PBXProject section */

/* Begin PBXResourcesBuildPhase section */
		C953C37D2370A2F800184E23 /* Resources */ = {
			isa = PBXResourcesBuildPhase;
			buildActionMask = 2147483647;
			files = (
				C953C38F2370A2F900184E23 /* LaunchScreen.storyboard in Resources */,
				C953C38C2370A2F900184E23 /* Preview Assets.xcassets in Resources */,
				C953C3892370A2F900184E23 /* Assets.xcassets in Resources */,
			);
			runOnlyForDeploymentPostprocessing = 0;
		};
/* End PBXResourcesBuildPhase section */

/* Begin PBXSourcesBuildPhase section */
		C953C37B2370A2F800184E23 /* Sources */ = {
			isa = PBXSourcesBuildPhase;
			buildActionMask = 2147483647;
			files = (
				C953C3A02370A52500184E23 /* ProfileView.swift in Sources */,
				C953C3832370A2F800184E23 /* AppDelegate.swift in Sources */,
				C953C3852370A2F800184E23 /* SceneDelegate.swift in Sources */,
				C953C3872370A2F800184E23 /* ContentView.swift in Sources */,
				C953C39A2370A42F00184E23 /* LoginView.swift in Sources */,
				C953C39E2370A51700184E23 /* NewsfeedView.swift in Sources */,
				C953C3982370A35F00184E23 /* LaunchScreenView.swift in Sources */,
				C953C39C2370A4EC00184E23 /* MainTabView.swift in Sources */,
			);
			runOnlyForDeploymentPostprocessing = 0;
		};
/* End PBXSourcesBuildPhase section */

/* Begin PBXVariantGroup section */
		C953C38D2370A2F900184E23 /* LaunchScreen.storyboard */ = {
			isa = PBXVariantGroup;
			children = (
				C953C38E2370A2F900184E23 /* Base */,
			);
			name = LaunchScreen.storyboard;
			sourceTree = "<group>";
		};
/* End PBXVariantGroup section */

/* Begin XCBuildConfiguration section */
		C953C3912370A2F900184E23 /* Debug */ = {
			isa = XCBuildConfiguration;
			buildSettings = {
				ALWAYS_SEARCH_USER_PATHS = NO;
				CLANG_ANALYZER_NONNULL = YES;
				CLANG_ANALYZER_NUMBER_OBJECT_CONVERSION = YES_AGGRESSIVE;
				CLANG_CXX_LANGUAGE_STANDARD = "gnu++14";
				CLANG_CXX_LIBRARY = "libc++";
				CLANG_ENABLE_MODULES = YES;
				CLANG_ENABLE_OBJC_ARC = YES;
				CLANG_ENABLE_OBJC_WEAK = YES;
				CLANG_WARN_BLOCK_CAPTURE_AUTORELEASING = YES;
				CLANG_WARN_BOOL_CONVERSION = YES;
				CLANG_WARN_COMMA = YES;
				CLANG_WARN_CONSTANT_CONVERSION = YES;
				CLANG_WARN_DEPRECATED_OBJC_IMPLEMENTATIONS = YES;
				CLANG_WARN_DIRECT_OBJC_ISA_USAGE = YES_ERROR;
				CLANG_WARN_DOCUMENTATION_COMMENTS = YES;
				CLANG_WARN_EMPTY_BODY = YES;
				CLANG_WARN_ENUM_CONVERSION = YES;
				CLANG_WARN_INFINITE_RECURSION = YES;
				CLANG_WARN_INT_CONVERSION = YES;
				CLANG_WARN_NON_LITERAL_NULL_CONVERSION = YES;
				CLANG_WARN_OBJC_IMPLICIT_RETAIN_SELF = YES;
				CLANG_WARN_OBJC_LITERAL_CONVERSION = YES;
				CLANG_WARN_OBJC_ROOT_CLASS = YES_ERROR;
				CLANG_WARN_RANGE_LOOP_ANALYSIS = YES;
				CLANG_WARN_STRICT_PROTOTYPES = YES;
				CLANG_WARN_SUSPICIOUS_MOVE = YES;
				CLANG_WARN_UNGUARDED_AVAILABILITY = YES_AGGRESSIVE;
				CLANG_WARN_UNREACHABLE_CODE = YES;
				CLANG_WARN__DUPLICATE_METHOD_MATCH = YES;
				COPY_PHASE_STRIP = NO;
				DEBUG_INFORMATION_FORMAT = dwarf;
				ENABLE_STRICT_OBJC_MSGSEND = YES;
				ENABLE_TESTABILITY = YES;
				GCC_C_LANGUAGE_STANDARD = gnu11;
				GCC_DYNAMIC_NO_PIC = NO;
				GCC_NO_COMMON_BLOCKS = YES;
				GCC_OPTIMIZATION_LEVEL = 0;
				GCC_PREPROCESSOR_DEFINITIONS = (
					"DEBUG=1",
					"$(inherited)",
				);
				GCC_WARN_64_TO_32_BIT_CONVERSION = YES;
				GCC_WARN_ABOUT_RETURN_TYPE = YES_ERROR;
				GCC_WARN_UNDECLARED_SELECTOR = YES;
				GCC_WARN_UNINITIALIZED_AUTOS = YES_AGGRESSIVE;
				GCC_WARN_UNUSED_FUNCTION = YES;
				GCC_WARN_UNUSED_VARIABLE = YES;
				IPHONEOS_DEPLOYMENT_TARGET = 13.2;
				MTL_ENABLE_DEBUG_INFO = INCLUDE_SOURCE;
				MTL_FAST_MATH = YES;
				ONLY_ACTIVE_ARCH = YES;
				SDKROOT = iphoneos;
				SWIFT_ACTIVE_COMPILATION_CONDITIONS = DEBUG;
				SWIFT_OPTIMIZATION_LEVEL = "-Onone";
			};
			name = Debug;
		};
		C953C3922370A2F900184E23 /* Release */ = {
			isa = XCBuildConfiguration;
			buildSettings = {
				ALWAYS_SEARCH_USER_PATHS = NO;
				CLANG_ANALYZER_NONNULL = YES;
				CLANG_ANALYZER_NUMBER_OBJECT_CONVERSION = YES_AGGRESSIVE;
				CLANG_CXX_LANGUAGE_STANDARD = "gnu++14";
				CLANG_CXX_LIBRARY = "libc++";
				CLANG_ENABLE_MODULES = YES;
				CLANG_ENABLE_OBJC_ARC = YES;
				CLANG_ENABLE_OBJC_WEAK = YES;
				CLANG_WARN_BLOCK_CAPTURE_AUTORELEASING = YES;
				CLANG_WARN_BOOL_CONVERSION = YES;
				CLANG_WARN_COMMA = YES;
				CLANG_WARN_CONSTANT_CONVERSION = YES;
				CLANG_WARN_DEPRECATED_OBJC_IMPLEMENTATIONS = YES;
				CLANG_WARN_DIRECT_OBJC_ISA_USAGE = YES_ERROR;
				CLANG_WARN_DOCUMENTATION_COMMENTS = YES;
				CLANG_WARN_EMPTY_BODY = YES;
				CLANG_WARN_ENUM_CONVERSION = YES;
				CLANG_WARN_INFINITE_RECURSION = YES;
				CLANG_WARN_INT_CONVERSION = YES;
				CLANG_WARN_NON_LITERAL_NULL_CONVERSION = YES;
				CLANG_WARN_OBJC_IMPLICIT_RETAIN_SELF = YES;
				CLANG_WARN_OBJC_LITERAL_CONVERSION = YES;
				CLANG_WARN_OBJC_ROOT_CLASS = YES_ERROR;
				CLANG_WARN_RANGE_LOOP_ANALYSIS = YES;
				CLANG_WARN_STRICT_PROTOTYPES = YES;
				CLANG_WARN_SUSPICIOUS_MOVE = YES;
				CLANG_WARN_UNGUARDED_AVAILABILITY = YES_AGGRESSIVE;
				CLANG_WARN_UNREACHABLE_CODE = YES;
				CLANG_WARN__DUPLICATE_METHOD_MATCH = YES;
				COPY_PHASE_STRIP = NO;
				DEBUG_INFORMATION_FORMAT = "dwarf-with-dsym";
				ENABLE_NS_ASSERTIONS = NO;
				ENABLE_STRICT_OBJC_MSGSEND = YES;
				GCC_C_LANGUAGE_STANDARD = gnu11;
				GCC_NO_COMMON_BLOCKS = YES;
				GCC_WARN_64_TO_32_BIT_CONVERSION = YES;
				GCC_WARN_ABOUT_RETURN_TYPE = YES_ERROR;
				GCC_WARN_UNDECLARED_SELECTOR = YES;
				GCC_WARN_UNINITIALIZED_AUTOS = YES_AGGRESSIVE;
				GCC_WARN_UNUSED_FUNCTION = YES;
				GCC_WARN_UNUSED_VARIABLE = YES;
				IPHONEOS_DEPLOYMENT_TARGET = 13.2;
				MTL_ENABLE_DEBUG_INFO = NO;
				MTL_FAST_MATH = YES;
				SDKROOT = iphoneos;
				SWIFT_COMPILATION_MODE = wholemodule;
				SWIFT_OPTIMIZATION_LEVEL = "-O";
				VALIDATE_PRODUCT = YES;
			};
			name = Release;
		};
		C953C3942370A2F900184E23 /* Debug */ = {
			isa = XCBuildConfiguration;
			buildSettings = {
				ASSETCATALOG_COMPILER_APPICON_NAME = AppIcon;
				CODE_SIGN_STYLE = Automatic;
				DEVELOPMENT_ASSET_PATHS = "\"SwiftUISignInWithApple/Preview Content\"";
				DEVELOPMENT_TEAM = R252PR8AVU;
				ENABLE_PREVIEWS = YES;
				INFOPLIST_FILE = SwiftUISignInWithApple/Info.plist;
				LD_RUNPATH_SEARCH_PATHS = (
					"$(inherited)",
					"@executable_path/Frameworks",
				);
				PRODUCT_BUNDLE_IDENTIFIER = com.rebeloper.SwiftUISignInWithApple;
				PRODUCT_NAME = "$(TARGET_NAME)";
				SWIFT_VERSION = 5.0;
				TARGETED_DEVICE_FAMILY = "1,2";
			};
			name = Debug;
		};
		C953C3952370A2F900184E23 /* Release */ = {
			isa = XCBuildConfiguration;
			buildSettings = {
				ASSETCATALOG_COMPILER_APPICON_NAME = AppIcon;
				CODE_SIGN_STYLE = Automatic;
				DEVELOPMENT_ASSET_PATHS = "\"SwiftUISignInWithApple/Preview Content\"";
				DEVELOPMENT_TEAM = R252PR8AVU;
				ENABLE_PREVIEWS = YES;
				INFOPLIST_FILE = SwiftUISignInWithApple/Info.plist;
				LD_RUNPATH_SEARCH_PATHS = (
					"$(inherited)",
					"@executable_path/Frameworks",
				);
				PRODUCT_BUNDLE_IDENTIFIER = com.rebeloper.SwiftUISignInWithApple;
				PRODUCT_NAME = "$(TARGET_NAME)";
				SWIFT_VERSION = 5.0;
				TARGETED_DEVICE_FAMILY = "1,2";
			};
			name = Release;
		};
/* End XCBuildConfiguration section */

/* Begin XCConfigurationList section */
		C953C37A2370A2F800184E23 /* Build configuration list for PBXProject "SwiftUISignInWithApple" */ = {
			isa = XCConfigurationList;
			buildConfigurations = (
				C953C3912370A2F900184E23 /* Debug */,
				C953C3922370A2F900184E23 /* Release */,
			);
			defaultConfigurationIsVisible = 0;
			defaultConfigurationName = Release;
		};
		C953C3932370A2F900184E23 /* Build configuration list for PBXNativeTarget "SwiftUISignInWithApple" */ = {
			isa = XCConfigurationList;
			buildConfigurations = (
				C953C3942370A2F900184E23 /* Debug */,
				C953C3952370A2F900184E23 /* Release */,
			);
			defaultConfigurationIsVisible = 0;
			defaultConfigurationName = Release;
		};
/* End XCConfigurationList section */
	};
	rootObject = C953C3772370A2F800184E23 /* Project object */;
}
